{
  "originHash" : "b79b4be20548513f70557e0cad26da9c9102f7d8366dcdd67e51a8434d0f62eb",
  "pins" : [
    {
      "identity" : "dracoswift",
      "kind" : "remoteSourceControl",
      "location" : "https://github.com/warrenm/DracoSwift.git",
      "state" : {
        "revision" : "3f85e64b4e62b070871dfdc1e26c058aaa1de63e",
        "version" : "1.5.7"
      }
    },
    {
      "identity" : "gltfkit2",
      "kind" : "remoteSourceControl",
      "location" : "https://github.com/warrenm/GLTFKit2.git",
      "state" : {
        "revision" : "e69e354c4f31ea07b7816b8cbe2ddb28e897d073",
        "version" : "0.5.15"
      }
    },
    {
      "identity" : "sparkle",
      "kind" : "remoteSourceControl",
      "location" : "https://github.com/sparkle-project/Sparkle.git",
      "state" : {
        "revision" : "ac2def288cbff5cfc7df3ffef6abdf45b72bcb0a",
        "version" : "2.9.6"
      }
    }
  ],
  "version" : 3
}
